// !$*UTF8*$!
{
	archiveVersion = 1;
	classes = {
	};
	objectVersion = 50;
	objects = {

/* Begin PBXBuildFile section */
		384AF46922D4A25000F3933F /* Result.framework in Frameworks */ = {isa = PBXBuildFile; fileRef = 384AF46222D4A1C100F3933F /* Result.framework */; };
		384AF46A22D4A25000F3933F /* Result.framework in Embed Frameworks */ = {isa = PBXBuildFile; fileRef = 384AF46222D4A1C100F3933F /* Result.framework */; settings = {ATTRIBUTES = (CodeSignOnCopy, RemoveHeadersOnCopy, ); }; };
		384AF46C22D4A25800F3933F /* ReactiveSwift.framework in Frameworks */ = {isa = PBXBuildFile; fileRef = 38E4FBCC22D0BE2100C925CB /* ReactiveSwift.framework */; };
		384AF46D22D4A25800F3933F /* ReactiveSwift.framework in Embed Frameworks */ = {isa = PBXBuildFile; fileRef = 38E4FBCC22D0BE2100C925CB /* ReactiveSwift.framework */; settings = {ATTRIBUTES = (CodeSignOnCopy, RemoveHeadersOnCopy, ); }; };
		384AF46E22D4A25B00F3933F /* ReactiveCocoa.framework in Frameworks */ = {isa = PBXBuildFile; fileRef = 384AF45F22D4A0E900F3933F /* ReactiveCocoa.framework */; };
		384AF46F22D4A25B00F3933F /* ReactiveCocoa.framework in Embed Frameworks */ = {isa = PBXBuildFile; fileRef = 384AF45F22D4A0E900F3933F /* ReactiveCocoa.framework */; settings = {ATTRIBUTES = (CodeSignOnCopy, RemoveHeadersOnCopy, ); }; };
		384AF47222D4B3D600F3933F /* ToDoCell.swift in Sources */ = {isa = PBXBuildFile; fileRef = 384AF47022D4B3D600F3933F /* ToDoCell.swift */; };
		384AF47322D4B3D600F3933F /* ToDoCell.xib in Resources */ = {isa = PBXBuildFile; fileRef = 384AF47122D4B3D600F3933F /* ToDoCell.xib */; };
		38E4FBBB22D0ABBA00C925CB /* AppDelegate.swift in Sources */ = {isa = PBXBuildFile; fileRef = 38E4FBBA22D0ABBA00C925CB /* AppDelegate.swift */; };
		38E4FBBD22D0ABBA00C925CB /* ToDoListViewController.swift in Sources */ = {isa = PBXBuildFile; fileRef = 38E4FBBC22D0ABBA00C925CB /* ToDoListViewController.swift */; };
		38E4FBC022D0ABBA00C925CB /* Main.storyboard in Resources */ = {isa = PBXBuildFile; fileRef = 38E4FBBE22D0ABBA00C925CB /* Main.storyboard */; };
		38E4FBC222D0ABBA00C925CB /* Assets.xcassets in Resources */ = {isa = PBXBuildFile; fileRef = 38E4FBC122D0ABBA00C925CB /* Assets.xcassets */; };
		38E4FBC522D0ABBA00C925CB /* LaunchScreen.storyboard in Resources */ = {isa = PBXBuildFile; fileRef = 38E4FBC322D0ABBA00C925CB /* LaunchScreen.storyboard */; };
/* End PBXBuildFile section */

/* Begin PBXCopyFilesBuildPhase section */
		384AF46B22D4A25000F3933F /* Embed Frameworks */ = {
			isa = PBXCopyFilesBuildPhase;
			buildActionMask = 2147483647;
			dstPath = "";
			dstSubfolderSpec = 10;
			files = (
				384AF46A22D4A25000F3933F /* Result.framework in Embed Frameworks */,
				384AF46F22D4A25B00F3933F /* ReactiveCocoa.framework in Embed Frameworks */,
				384AF46D22D4A25800F3933F /* ReactiveSwift.framework in Embed Frameworks */,
			);
			name = "Embed Frameworks";
			runOnlyForDeploymentPostprocessing = 0;
		};
/* End PBXCopyFilesBuildPhase section */

/* Begin PBXFileReference section */
		384AF45F22D4A0E900F3933F /* ReactiveCocoa.framework */ = {isa = PBXFileReference; lastKnownFileType = wrapper.framework; name = ReactiveCocoa.framework; path = Carthage/Build/iOS/ReactiveCocoa.framework; sourceTree = "<group>"; };
		384AF46222D4A1C100F3933F /* Result.framework */ = {isa = PBXFileReference; lastKnownFileType = wrapper.framework; name = Result.framework; path = Carthage/Build/iOS/Result.framework; sourceTree = "<group>"; };
		384AF47022D4B3D600F3933F /* ToDoCell.swift */ = {isa = PBXFileReference; lastKnownFileType = sourcecode.swift; path = ToDoCell.swift; sourceTree = "<group>"; };
		384AF47122D4B3D600F3933F /* ToDoCell.xib */ = {isa = PBXFileReference; lastKnownFileType = file.xib; path = ToDoCell.xib; sourceTree = "<group>"; };
		38E4FBB722D0ABBA00C925CB /* reactiveswift-todo.app */ = {isa = PBXFileReference; explicitFileType = wrapper.application; includeInIndex = 0; path = "reactiveswift-todo.app"; sourceTree = BUILT_PRODUCTS_DIR; };
		38E4FBBA22D0ABBA00C925CB /* AppDelegate.swift */ = {isa = PBXFileReference; lastKnownFileType = sourcecode.swift; path = AppDelegate.swift; sourceTree = "<group>"; };
		38E4FBBC22D0ABBA00C925CB /* ToDoListViewController.swift */ = {isa = PBXFileReference; lastKnownFileType = sourcecode.swift; path = ToDoListViewController.swift; sourceTree = "<group>"; };
		38E4FBBF22D0ABBA00C925CB /* Base */ = {isa = PBXFileReference; lastKnownFileType = file.storyboard; name = Base; path = Base.lproj/Main.storyboard; sourceTree = "<group>"; };
		38E4FBC122D0ABBA00C925CB /* Assets.xcassets */ = {isa = PBXFileReference; lastKnownFileType = folder.assetcatalog; path = Assets.xcassets; sourceTree = "<group>"; };
		38E4FBC422D0ABBA00C925CB /* Base */ = {isa = PBXFileReference; lastKnownFileType = file.storyboard; name = Base; path = Base.lproj/LaunchScreen.storyboard; sourceTree = "<group>"; };
		38E4FBC622D0ABBA00C925CB /* Info.plist */ = {isa = PBXFileReference; lastKnownFileType = text.plist.xml; path = Info.plist; sourceTree = "<group>"; };
		38E4FBCC22D0BE2100C925CB /* ReactiveSwift.framework */ = {isa = PBXFileReference; lastKnownFileType = wrapper.framework; name = ReactiveSwift.framework; path = Carthage/Build/iOS/ReactiveSwift.framework; sourceTree = "<group>"; };
/* End PBXFileReference section */

/* Begin PBXFrameworksBuildPhase section */
		38E4FBB422D0ABBA00C925CB /* Frameworks */ = {
			isa = PBXFrameworksBuildPhase;
			buildActionMask = 2147483647;
			files = (
				384AF46E22D4A25B00F3933F /* ReactiveCocoa.framework in Frameworks */,
				384AF46C22D4A25800F3933F /* ReactiveSwift.framework in Frameworks */,
				384AF46922D4A25000F3933F /* Result.framework in Frameworks */,
			);
			runOnlyForDeploymentPostprocessing = 0;
		};
/* End PBXFrameworksBuildPhase section */

/* Begin PBXGroup section */
		381831A322D4BCB0005A1A63 /* ViewController */ = {
			isa = PBXGroup;
			children = (
				38E4FBBC22D0ABBA00C925CB /* ToDoListViewController.swift */,
			);
			path = ViewController;
			sourceTree = "<group>";
		};
		384AF46522D4A1FF00F3933F /* Frameworks */ = {
			isa = PBXGroup;
			children = (
				38E4FBCC22D0BE2100C925CB /* ReactiveSwift.framework */,
				384AF46222D4A1C100F3933F /* Result.framework */,
				384AF45F22D4A0E900F3933F /* ReactiveCocoa.framework */,
			);
			name = Frameworks;
			sourceTree = "<group>";
		};
		384AF47622D4B4F700F3933F /* View */ = {
			isa = PBXGroup;
			children = (
				384AF47022D4B3D600F3933F /* ToDoCell.swift */,
				384AF47122D4B3D600F3933F /* ToDoCell.xib */,
			);
			path = View;
			sourceTree = "<group>";
		};
		38E4FBAE22D0ABBA00C925CB = {
			isa = PBXGroup;
			children = (
				38E4FBB922D0ABBA00C925CB /* reactiveswift-todo */,
				38E4FBB822D0ABBA00C925CB /* Products */,
				384AF46522D4A1FF00F3933F /* Frameworks */,
			);
			sourceTree = "<group>";
		};
		38E4FBB822D0ABBA00C925CB /* Products */ = {
			isa = PBXGroup;
			children = (
				38E4FBB722D0ABBA00C925CB /* reactiveswift-todo.app */,
			);
			name = Products;
			sourceTree = "<group>";
		};
		38E4FBB922D0ABBA00C925CB /* reactiveswift-todo */ = {
			isa = PBXGroup;
			children = (
				381831A322D4BCB0005A1A63 /* ViewController */,
				384AF47622D4B4F700F3933F /* View */,
				38E4FBBA22D0ABBA00C925CB /* AppDelegate.swift */,
				38E4FBBE22D0ABBA00C925CB /* Main.storyboard */,
				38E4FBC122D0ABBA00C925CB /* Assets.xcassets */,
				38E4FBC322D0ABBA00C925CB /* LaunchScreen.storyboard */,
				38E4FBC622D0ABBA00C925CB /* Info.plist */,
			);
			path = "reactiveswift-todo";
			sourceTree = "<group>";
		};
/* End PBXGroup section */

/* Begin PBXNativeTarget section */
		38E4FBB622D0ABBA00C925CB /* reactiveswift-todo */ = {
			isa = PBXNativeTarget;
			buildConfigurationList = 38E4FBC922D0ABBA00C925CB /* Build configuration list for PBXNativeTarget "reactiveswift-todo" */;
			buildPhases = (
				38E4FBB322D0ABBA00C925CB /* Sources */,
				38E4FBB422D0ABBA00C925CB /* Frameworks */,
				38E4FBB522D0ABBA00C925CB /* Resources */,
				38E4FBD022D0C2F900C925CB /* ShellScript */,
				384AF46B22D4A25000F3933F /* Embed Frameworks */,
			);
			buildRules = (
			);
			dependencies = (
			);
			name = "reactiveswift-todo";
			productName = "reactiveswift-todo";
			productReference = 38E4FBB722D0ABBA00C925CB /* reactiveswift-todo.app */;
			productType = "com.apple.product-type.application";
		};
/* End PBXNativeTarget section */

/* Begin PBXProject section */
		38E4FBAF22D0ABBA00C925CB /* Project object */ = {
			isa = PBXProject;
			attributes = {
				LastSwiftUpdateCheck = 1020;
				LastUpgradeCheck = 1020;
				ORGANIZATIONNAME = "Manami Ichikawa";
				TargetAttributes = {
					38E4FBB622D0ABBA00C925CB = {
						CreatedOnToolsVersion = 10.2.1;
					};
				};
			};
			buildConfigurationList = 38E4FBB222D0ABBA00C925CB /* Build configuration list for PBXProject "reactiveswift-todo" */;
			compatibilityVersion = "Xcode 9.3";
			developmentRegion = en;
			hasScannedForEncodings = 0;
			knownRegions = (
				en,
				Base,
			);
			mainGroup = 38E4FBAE22D0ABBA00C925CB;
			productRefGroup = 38E4FBB822D0ABBA00C925CB /* Products */;
			projectDirPath = "";
			projectRoot = "";
			targets = (
				38E4FBB622D0ABBA00C925CB /* reactiveswift-todo */,
			);
		};
/* End PBXProject section */

/* Begin PBXResourcesBuildPhase section */
		38E4FBB522D0ABBA00C925CB /* Resources */ = {
			isa = PBXResourcesBuildPhase;
			buildActionMask = 2147483647;
			files = (
				38E4FBC522D0ABBA00C925CB /* LaunchScreen.storyboard in Resources */,
				38E4FBC222D0ABBA00C925CB /* Assets.xcassets in Resources */,
				38E4FBC022D0ABBA00C925CB /* Main.storyboard in Resources */,
				384AF47322D4B3D600F3933F /* ToDoCell.xib in Resources */,
			);
			runOnlyForDeploymentPostprocessing = 0;
		};
/* End PBXResourcesBuildPhase section */

/* Begin PBXShellScriptBuildPhase section */
		38E4FBD022D0C2F900C925CB /* ShellScript */ = {
			isa = PBXShellScriptBuildPhase;
			buildActionMask = 8;
			files = (
			);
			inputFileListPaths = (
			);
			inputPaths = (
				"$(SRCROOT)/Carthage/Build/iOS/ReactiveSwift.framework",
				"$(SRCROOT)/Carthage/Build/iOS/ReactiveCocoa.framework",
				"$(SRCROOT)/Carthage/Build/iOS/Result.framework",
			);
			outputFileListPaths = (
			);
			outputPaths = (
			);
			runOnlyForDeploymentPostprocessing = 1;
			shellPath = /bin/sh;
			shellScript = "/usr/local/bin/carthage copy-frameworks\n";
		};
/* End PBXShellScriptBuildPhase section */

/* Begin PBXSourcesBuildPhase section */
		38E4FBB322D0ABBA00C925CB /* Sources */ = {
			isa = PBXSourcesBuildPhase;
			buildActionMask = 2147483647;
			files = (
				38E4FBBD22D0ABBA00C925CB /* ToDoListViewController.swift in Sources */,
				384AF47222D4B3D600F3933F /* ToDoCell.swift in Sources */,
				38E4FBBB22D0ABBA00C925CB /* AppDelegate.swift in Sources */,
			);
			runOnlyForDeploymentPostprocessing = 0;
		};
/* End PBXSourcesBuildPhase section */

/* Begin PBXVariantGroup section */
		38E4FBBE22D0ABBA00C925CB /* Main.storyboard */ = {
			isa = PBXVariantGroup;
			children = (
				38E4FBBF22D0ABBA00C925CB /* Base */,
			);
			name = Main.storyboard;
			sourceTree = "<group>";
		};
		38E4FBC322D0ABBA00C925CB /* LaunchScreen.storyboard */ = {
			isa = PBXVariantGroup;
			children = (
				38E4FBC422D0ABBA00C925CB /* Base */,
			);
			name = LaunchScreen.storyboard;
			sourceTree = "<group>";
		};
/* End PBXVariantGroup section */

/* Begin XCBuildConfiguration section */
		38E4FBC722D0ABBA00C925CB /* Debug */ = {
			isa = XCBuildConfiguration;
			buildSettings = {
				ALWAYS_SEARCH_USER_PATHS = NO;
				CLANG_ANALYZER_NONNULL = YES;
				CLANG_ANALYZER_NUMBER_OBJECT_CONVERSION = YES_AGGRESSIVE;
				CLANG_CXX_LANGUAGE_STANDARD = "gnu++14";
				CLANG_CXX_LIBRARY = "libc++";
				CLANG_ENABLE_MODULES = YES;
				CLANG_ENABLE_OBJC_ARC = YES;
				CLANG_ENABLE_OBJC_WEAK = YES;
				CLANG_WARN_BLOCK_CAPTURE_AUTORELEASING = YES;
				CLANG_WARN_BOOL_CONVERSION = YES;
				CLANG_WARN_COMMA = YES;
				CLANG_WARN_CONSTANT_CONVERSION = YES;
				CLANG_WARN_DEPRECATED_OBJC_IMPLEMENTATIONS = YES;
				CLANG_WARN_DIRECT_OBJC_ISA_USAGE = YES_ERROR;
				CLANG_WARN_DOCUMENTATION_COMMENTS = YES;
				CLANG_WARN_EMPTY_BODY = YES;
				CLANG_WARN_ENUM_CONVERSION = YES;
				CLANG_WARN_INFINITE_RECURSION = YES;
				CLANG_WARN_INT_CONVERSION = YES;
				CLANG_WARN_NON_LITERAL_NULL_CONVERSION = YES;
				CLANG_WARN_OBJC_IMPLICIT_RETAIN_SELF = YES;
				CLANG_WARN_OBJC_LITERAL_CONVERSION = YES;
				CLANG_WARN_OBJC_ROOT_CLASS = YES_ERROR;
				CLANG_WARN_RANGE_LOOP_ANALYSIS = YES;
				CLANG_WARN_STRICT_PROTOTYPES = YES;
				CLANG_WARN_SUSPICIOUS_MOVE = YES;
				CLANG_WARN_UNGUARDED_AVAILABILITY = YES_AGGRESSIVE;
				CLANG_WARN_UNREACHABLE_CODE = YES;
				CLANG_WARN__DUPLICATE_METHOD_MATCH = YES;
				CODE_SIGN_IDENTITY = "iPhone Developer";
				COPY_PHASE_STRIP = NO;
				DEBUG_INFORMATION_FORMAT = dwarf;
				ENABLE_STRICT_OBJC_MSGSEND = YES;
				ENABLE_TESTABILITY = YES;
				GCC_C_LANGUAGE_STANDARD = gnu11;
				GCC_DYNAMIC_NO_PIC = NO;
				GCC_NO_COMMON_BLOCKS = YES;
				GCC_OPTIMIZATION_LEVEL = 0;
				GCC_PREPROCESSOR_DEFINITIONS = (
					"DEBUG=1",
					"$(inherited)",
				);
				GCC_WARN_64_TO_32_BIT_CONVERSION = YES;
				GCC_WARN_ABOUT_RETURN_TYPE = YES_ERROR;
				GCC_WARN_UNDECLARED_SELECTOR = YES;
				GCC_WARN_UNINITIALIZED_AUTOS = YES_AGGRESSIVE;
				GCC_WARN_UNUSED_FUNCTION = YES;
				GCC_WARN_UNUSED_VARIABLE = YES;
				IPHONEOS_DEPLOYMENT_TARGET = 12.2;
				MTL_ENABLE_DEBUG_INFO = INCLUDE_SOURCE;
				MTL_FAST_MATH = YES;
				ONLY_ACTIVE_ARCH = YES;
				SDKROOT = iphoneos;
				SWIFT_ACTIVE_COMPILATION_CONDITIONS = DEBUG;
				SWIFT_OPTIMIZATION_LEVEL = "-Onone";
			};
			name = Debug;
		};
		38E4FBC822D0ABBA00C925CB /* Release */ = {
			isa = XCBuildConfiguration;
			buildSettings = {
				ALWAYS_SEARCH_USER_PATHS = NO;
				CLANG_ANALYZER_NONNULL = YES;
				CLANG_ANALYZER_NUMBER_OBJECT_CONVERSION = YES_AGGRESSIVE;
				CLANG_CXX_LANGUAGE_STANDARD = "gnu++14";
				CLANG_CXX_LIBRARY = "libc++";
				CLANG_ENABLE_MODULES = YES;
				CLANG_ENABLE_OBJC_ARC = YES;
				CLANG_ENABLE_OBJC_WEAK = YES;
				CLANG_WARN_BLOCK_CAPTURE_AUTORELEASING = YES;
				CLANG_WARN_BOOL_CONVERSION = YES;
				CLANG_WARN_COMMA = YES;
				CLANG_WARN_CONSTANT_CONVERSION = YES;
				CLANG_WARN_DEPRECATED_OBJC_IMPLEMENTATIONS = YES;
				CLANG_WARN_DIRECT_OBJC_ISA_USAGE = YES_ERROR;
				CLANG_WARN_DOCUMENTATION_COMMENTS = YES;
				CLANG_WARN_EMPTY_BODY = YES;
				CLANG_WARN_ENUM_CONVERSION = YES;
				CLANG_WARN_INFINITE_RECURSION = YES;
				CLANG_WARN_INT_CONVERSION = YES;
				CLANG_WARN_NON_LITERAL_NULL_CONVERSION = YES;
				CLANG_WARN_OBJC_IMPLICIT_RETAIN_SELF = YES;
				CLANG_WARN_OBJC_LITERAL_CONVERSION = YES;
				CLANG_WARN_OBJC_ROOT_CLASS = YES_ERROR;
				CLANG_WARN_RANGE_LOOP_ANALYSIS = YES;
				CLANG_WARN_STRICT_PROTOTYPES = YES;
				CLANG_WARN_SUSPICIOUS_MOVE = YES;
				CLANG_WARN_UNGUARDED_AVAILABILITY = YES_AGGRESSIVE;
				CLANG_WARN_UNREACHABLE_CODE = YES;
				CLANG_WARN__DUPLICATE_METHOD_MATCH = YES;
				CODE_SIGN_IDENTITY = "iPhone Developer";
				COPY_PHASE_STRIP = NO;
				DEBUG_INFORMATION_FORMAT = "dwarf-with-dsym";
				ENABLE_NS_ASSERTIONS = NO;
				ENABLE_STRICT_OBJC_MSGSEND = YES;
				GCC_C_LANGUAGE_STANDARD = gnu11;
				GCC_NO_COMMON_BLOCKS = YES;
				GCC_WARN_64_TO_32_BIT_CONVERSION = YES;
				GCC_WARN_ABOUT_RETURN_TYPE = YES_ERROR;
				GCC_WARN_UNDECLARED_SELECTOR = YES;
				GCC_WARN_UNINITIALIZED_AUTOS = YES_AGGRESSIVE;
				GCC_WARN_UNUSED_FUNCTION = YES;
				GCC_WARN_UNUSED_VARIABLE = YES;
				IPHONEOS_DEPLOYMENT_TARGET = 12.2;
				MTL_ENABLE_DEBUG_INFO = NO;
				MTL_FAST_MATH = YES;
				SDKROOT = iphoneos;
				SWIFT_COMPILATION_MODE = wholemodule;
				SWIFT_OPTIMIZATION_LEVEL = "-O";
				VALIDATE_PRODUCT = YES;
			};
			name = Release;
		};
		38E4FBCA22D0ABBA00C925CB /* Debug */ = {
			isa = XCBuildConfiguration;
			buildSettings = {
				ASSETCATALOG_COMPILER_APPICON_NAME = AppIcon;
				CODE_SIGN_STYLE = Automatic;
				FRAMEWORK_SEARCH_PATHS = (
					"$(inherited)",
					"$(PROJECT_DIR)/Carthage/Build/iOS",
				);
				INFOPLIST_FILE = "reactiveswift-todo/Info.plist";
				LD_RUNPATH_SEARCH_PATHS = (
					"$(inherited)",
					"@executable_path/Frameworks",
				);
				PRODUCT_BUNDLE_IDENTIFIER = "edu.myself.reactiveswift-todo";
				PRODUCT_NAME = "$(TARGET_NAME)";
				SWIFT_VERSION = 5.0;
				TARGETED_DEVICE_FAMILY = "1,2";
			};
			name = Debug;
		};
		38E4FBCB22D0ABBA00C925CB /* Release */ = {
			isa = XCBuildConfiguration;
			buildSettings = {
				ASSETCATALOG_COMPILER_APPICON_NAME = AppIcon;
				CODE_SIGN_STYLE = Automatic;
				FRAMEWORK_SEARCH_PATHS = (
					"$(inherited)",
					"$(PROJECT_DIR)/Carthage/Build/iOS",
				);
				INFOPLIST_FILE = "reactiveswift-todo/Info.plist";
				LD_RUNPATH_SEARCH_PATHS = (
					"$(inherited)",
					"@executable_path/Frameworks",
				);
				PRODUCT_BUNDLE_IDENTIFIER = "edu.myself.reactiveswift-todo";
				PRODUCT_NAME = "$(TARGET_NAME)";
				SWIFT_VERSION = 5.0;
				TARGETED_DEVICE_FAMILY = "1,2";
			};
			name = Release;
		};
/* End XCBuildConfiguration section */

/* Begin XCConfigurationList section */
		38E4FBB222D0ABBA00C925CB /* Build configuration list for PBXProject "reactiveswift-todo" */ = {
			isa = XCConfigurationList;
			buildConfigurations = (
				38E4FBC722D0ABBA00C925CB /* Debug */,
				38E4FBC822D0ABBA00C925CB /* Release */,
			);
			defaultConfigurationIsVisible = 0;
			defaultConfigurationName = Release;
		};
		38E4FBC922D0ABBA00C925CB /* Build configuration list for PBXNativeTarget "reactiveswift-todo" */ = {
			isa = XCConfigurationList;
			buildConfigurations = (
				38E4FBCA22D0ABBA00C925CB /* Debug */,
				38E4FBCB22D0ABBA00C925CB /* Release */,
			);
			defaultConfigurationIsVisible = 0;
			defaultConfigurationName = Release;
		};
/* End XCConfigurationList section */
	};
	rootObject = 38E4FBAF22D0ABBA00C925CB /* Project object */;
}
